// !$*UTF8*$!
{
	archiveVersion = 1;
	classes = {
	};
	objectVersion = 56;
	objects = {

/* Begin PBXBuildFile section */
		BA002D602CA85EF200895683 /* SystemLogger in Frameworks */ = {isa = PBXBuildFile; productRef = BA002D5F2CA85EF200895683 /* SystemLogger */; };
		BA002D622CA85F7100895683 /* Store in Frameworks */ = {isa = PBXBuildFile; productRef = BA002D612CA85F7100895683 /* Store */; };
		BA07475B2C7026AA002C8425 /* SectionView.swift in Sources */ = {isa = PBXBuildFile; fileRef = BA07475A2C7026AA002C8425 /* SectionView.swift */; };
		BA27E09D2C8E1A2D00241118 /* NameSharingView.swift in Sources */ = {isa = PBXBuildFile; fileRef = BA27E09C2C8E1A2D00241118 /* NameSharingView.swift */; };
		BA27E09F2C8E468000241118 /* RadiatingSemiCircles.swift in Sources */ = {isa = PBXBuildFile; fileRef = BA27E09E2C8E468000241118 /* RadiatingSemiCircles.swift */; };
		BA27E0A22C8FA88600241118 /* AffinityCalculatorTests.swift in Sources */ = {isa = PBXBuildFile; fileRef = BA27E0A12C8FA88600241118 /* AffinityCalculatorTests.swift */; };
		BA27E0A52C90CEC600241118 /* InstructionsView.swift in Sources */ = {isa = PBXBuildFile; fileRef = BA27E0A42C90CEC600241118 /* InstructionsView.swift */; };
		BA3120552CA86793008CDBA3 /* ProductID.swift in Sources */ = {isa = PBXBuildFile; fileRef = BA3120542CA86793008CDBA3 /* ProductID.swift */; };
		BA3120572CA868C2008CDBA3 /* PreviewModelContainer.swift in Sources */ = {isa = PBXBuildFile; fileRef = BA3120562CA868C2008CDBA3 /* PreviewModelContainer.swift */; };
		BA33AF0A2C7E665B00EE6700 /* IsPersistentStoreEmpty.swift in Sources */ = {isa = PBXBuildFile; fileRef = BA33AF092C7E665B00EE6700 /* IsPersistentStoreEmpty.swift */; };
		BA33AF0C2C7E6A5400EE6700 /* OnboardingView.swift in Sources */ = {isa = PBXBuildFile; fileRef = BA33AF0B2C7E6A5400EE6700 /* OnboardingView.swift */; };
		BA33AF0E2C8050DB00EE6700 /* SettingsNavigationStack.swift in Sources */ = {isa = PBXBuildFile; fileRef = BA33AF0D2C8050DB00EE6700 /* SettingsNavigationStack.swift */; };
		BA33AF102C8052BB00EE6700 /* SettingsLoadingIndicator.swift in Sources */ = {isa = PBXBuildFile; fileRef = BA33AF0F2C8052BB00EE6700 /* SettingsLoadingIndicator.swift */; };
		BA33AF122C837AA400EE6700 /* NamePreviewCard.swift in Sources */ = {isa = PBXBuildFile; fileRef = BA33AF112C837AA400EE6700 /* NamePreviewCard.swift */; };
		BA33AF142C876AE900EE6700 /* LastNameSetting.swift in Sources */ = {isa = PBXBuildFile; fileRef = BA33AF132C876AE900EE6700 /* LastNameSetting.swift */; };
		BA5CE4372C97650D001DB912 /* NameSharingService.swift in Sources */ = {isa = PBXBuildFile; fileRef = BA5CE4362C97650D001DB912 /* NameSharingService.swift */; };
		BA5EED312C69B5A400267AD1 /* NamesView.swift in Sources */ = {isa = PBXBuildFile; fileRef = BA5EED302C69B5A400267AD1 /* NamesView.swift */; };
		BA5EED342C6B0C4C00267AD1 /* SettingsView.swift in Sources */ = {isa = PBXBuildFile; fileRef = BA5EED332C6B0C4C00267AD1 /* SettingsView.swift */; };
		BA60B04B2C8AB1D100FD58F2 /* PresentationLayout.swift in Sources */ = {isa = PBXBuildFile; fileRef = BA60B04A2C8AB1D100FD58F2 /* PresentationLayout.swift */; };
		BA719A182C6C542800A552FA /* NamePersistenceControllerTests.swift in Sources */ = {isa = PBXBuildFile; fileRef = BA719A172C6C542800A552FA /* NamePersistenceControllerTests.swift */; };
		BA9BAFE72C5ED484008D88A2 /* FavoriteNamesView.swift in Sources */ = {isa = PBXBuildFile; fileRef = BA9BAFE62C5ED484008D88A2 /* FavoriteNamesView.swift */; };
		BA9BF0B82C60A2CC0056334E /* Extensions.swift in Sources */ = {isa = PBXBuildFile; fileRef = BA9BF0B72C60A2CC0056334E /* Extensions.swift */; };
		BAC0B4A02C705F1F008B3141 /* SendEmailButton.swift in Sources */ = {isa = PBXBuildFile; fileRef = BAC0B49F2C705F1F008B3141 /* SendEmailButton.swift */; };
		BACC30302C48A977003CEC7C /* Baby_AffinityApp.swift in Sources */ = {isa = PBXBuildFile; fileRef = BACC302F2C48A977003CEC7C /* Baby_AffinityApp.swift */; };
		BACC30322C48A977003CEC7C /* ContentView.swift in Sources */ = {isa = PBXBuildFile; fileRef = BACC30312C48A977003CEC7C /* ContentView.swift */; };
		BACC30362C48A978003CEC7C /* Assets.xcassets in Resources */ = {isa = PBXBuildFile; fileRef = BACC30352C48A978003CEC7C /* Assets.xcassets */; };
		BACC30392C48A978003CEC7C /* Preview Assets.xcassets in Resources */ = {isa = PBXBuildFile; fileRef = BACC30382C48A978003CEC7C /* Preview Assets.xcassets */; };
		BACC304D2C48A979003CEC7C /* Baby_AffinityUITests.swift in Sources */ = {isa = PBXBuildFile; fileRef = BACC304C2C48A979003CEC7C /* Baby_AffinityUITests.swift */; };
		BACC304F2C48A979003CEC7C /* Baby_AffinityUITestsLaunchTests.swift in Sources */ = {isa = PBXBuildFile; fileRef = BACC304E2C48A979003CEC7C /* Baby_AffinityUITestsLaunchTests.swift */; };
		BACC305D2C48A9C1003CEC7C /* Name.swift in Sources */ = {isa = PBXBuildFile; fileRef = BACC305C2C48A9C1003CEC7C /* Name.swift */; };
		BACC305F2C48A9FF003CEC7C /* Sex.swift in Sources */ = {isa = PBXBuildFile; fileRef = BACC305E2C48A9FF003CEC7C /* Sex.swift */; };
		BACC30632C48C34A003CEC7C /* DefaultBabyNames.swift in Sources */ = {isa = PBXBuildFile; fileRef = BACC30622C48C34A003CEC7C /* DefaultBabyNames.swift */; };
		BACC30662C5C7B7B003CEC7C /* TopNamesView.swift in Sources */ = {isa = PBXBuildFile; fileRef = BACC30652C5C7B7A003CEC7C /* TopNamesView.swift */; };
		BAD0F6322C87DD1800B41D34 /* ProductsView.swift in Sources */ = {isa = PBXBuildFile; fileRef = BAD0F6312C87DD1800B41D34 /* ProductsView.swift */; };
		BAE858952C6114CB00177BA8 /* HomeView.swift in Sources */ = {isa = PBXBuildFile; fileRef = BAE858942C6114CB00177BA8 /* HomeView.swift */; };
		BAE858982C6136AE00177BA8 /* NamePickerView.swift in Sources */ = {isa = PBXBuildFile; fileRef = BAE858972C6136AE00177BA8 /* NamePickerView.swift */; };
		BAE8589B2C6271C400177BA8 /* AffinityCalculator.swift in Sources */ = {isa = PBXBuildFile; fileRef = BAE8589A2C6271C400177BA8 /* AffinityCalculator.swift */; };
		BAE858A02C6326C000177BA8 /* SexSelectionIconView.swift in Sources */ = {isa = PBXBuildFile; fileRef = BAE8589F2C6326C000177BA8 /* SexSelectionIconView.swift */; };
		BAE858A22C6335A400177BA8 /* NameCellView.swift in Sources */ = {isa = PBXBuildFile; fileRef = BAE858A12C6335A400177BA8 /* NameCellView.swift */; };
		BAE858A42C6349B900177BA8 /* LoadingIndicator.swift in Sources */ = {isa = PBXBuildFile; fileRef = BAE858A32C6349B900177BA8 /* LoadingIndicator.swift */; };
		BAEA17AB2C94077E000C2507 /* NamesViewSection.swift in Sources */ = {isa = PBXBuildFile; fileRef = BAEA17AA2C94077E000C2507 /* NamesViewSection.swift */; };
		BAEA17AD2C940DD1000C2507 /* ExpandableNamesView.swift in Sources */ = {isa = PBXBuildFile; fileRef = BAEA17AC2C940DD1000C2507 /* ExpandableNamesView.swift */; };
		BAEA17AF2C941A70000C2507 /* RefreshableNamesView.swift in Sources */ = {isa = PBXBuildFile; fileRef = BAEA17AE2C941A70000C2507 /* RefreshableNamesView.swift */; };
		BAEA17B12C9429C1000C2507 /* SharedNamesView.swift in Sources */ = {isa = PBXBuildFile; fileRef = BAEA17B02C9429C1000C2507 /* SharedNamesView.swift */; };
		BAEBE3282C6B3E5F00035488 /* NamePersistenceController.swift in Sources */ = {isa = PBXBuildFile; fileRef = BAEBE3272C6B3E5F00035488 /* NamePersistenceController.swift */; };
		BAEBE32A2C6C134B00035488 /* NameTests.swift in Sources */ = {isa = PBXBuildFile; fileRef = BAEBE3292C6C134B00035488 /* NameTests.swift */; };
		BAF3C6712C6EB1C2004F9E46 /* NamePersistenceController_Admin.swift in Sources */ = {isa = PBXBuildFile; fileRef = BAF3C6702C6EB1C2004F9E46 /* NamePersistenceController_Admin.swift */; };
		BAF3C6732C6F886A004F9E46 /* ResetDataButton.swift in Sources */ = {isa = PBXBuildFile; fileRef = BAF3C6722C6F886A004F9E46 /* ResetDataButton.swift */; };
		BAF3C6752C6F941E004F9E46 /* AppCard.swift in Sources */ = {isa = PBXBuildFile; fileRef = BAF3C6742C6F941E004F9E46 /* AppCard.swift */; };
		BAF3C6772C6F9994004F9E46 /* AboutView.swift in Sources */ = {isa = PBXBuildFile; fileRef = BAF3C6762C6F9994004F9E46 /* AboutView.swift */; };
		BAF3C6792C6FAC45004F9E46 /* LegalInfoView.swift in Sources */ = {isa = PBXBuildFile; fileRef = BAF3C6782C6FAC45004F9E46 /* LegalInfoView.swift */; };
		BAF3C67C2C6FB3C2004F9E46 /* ContactUsView.swift in Sources */ = {isa = PBXBuildFile; fileRef = BAF3C67B2C6FB3C2004F9E46 /* ContactUsView.swift */; };
		BAF3C67E2C6FD351004F9E46 /* MailView.swift in Sources */ = {isa = PBXBuildFile; fileRef = BAF3C67D2C6FD351004F9E46 /* MailView.swift */; };
		BAF3C6802C6FD41B004F9E46 /* EmailRequiredView.swift in Sources */ = {isa = PBXBuildFile; fileRef = BAF3C67F2C6FD41B004F9E46 /* EmailRequiredView.swift */; };
/* End PBXBuildFile section */

/* Begin PBXContainerItemProxy section */
		BACC303F2C48A979003CEC7C /* PBXContainerItemProxy */ = {
			isa = PBXContainerItemProxy;
			containerPortal = BACC30242C48A976003CEC7C /* Project object */;
			proxyType = 1;
			remoteGlobalIDString = BACC302B2C48A976003CEC7C;
			remoteInfo = "Baby Affinity";
		};
		BACC30492C48A979003CEC7C /* PBXContainerItemProxy */ = {
			isa = PBXContainerItemProxy;
			containerPortal = BACC30242C48A976003CEC7C /* Project object */;
			proxyType = 1;
			remoteGlobalIDString = BACC302B2C48A976003CEC7C;
			remoteInfo = "Baby Affinity";
		};
/* End PBXContainerItemProxy section */

/* Begin PBXFileReference section */
		BA07475A2C7026AA002C8425 /* SectionView.swift */ = {isa = PBXFileReference; lastKnownFileType = sourcecode.swift; path = SectionView.swift; sourceTree = "<group>"; };
		BA27E09C2C8E1A2D00241118 /* NameSharingView.swift */ = {isa = PBXFileReference; lastKnownFileType = sourcecode.swift; path = NameSharingView.swift; sourceTree = "<group>"; };
		BA27E09E2C8E468000241118 /* RadiatingSemiCircles.swift */ = {isa = PBXFileReference; lastKnownFileType = sourcecode.swift; path = RadiatingSemiCircles.swift; sourceTree = "<group>"; };
		BA27E0A12C8FA88600241118 /* AffinityCalculatorTests.swift */ = {isa = PBXFileReference; lastKnownFileType = sourcecode.swift; path = AffinityCalculatorTests.swift; sourceTree = "<group>"; };
		BA27E0A42C90CEC600241118 /* InstructionsView.swift */ = {isa = PBXFileReference; lastKnownFileType = sourcecode.swift; path = InstructionsView.swift; sourceTree = "<group>"; };
		BA27E0A62C9204BD00241118 /* Baby-Affinity-Info.plist */ = {isa = PBXFileReference; lastKnownFileType = text.plist; path = "Baby-Affinity-Info.plist"; sourceTree = SOURCE_ROOT; };
		BA3120542CA86793008CDBA3 /* ProductID.swift */ = {isa = PBXFileReference; lastKnownFileType = sourcecode.swift; path = ProductID.swift; sourceTree = "<group>"; };
		BA3120562CA868C2008CDBA3 /* PreviewModelContainer.swift */ = {isa = PBXFileReference; lastKnownFileType = sourcecode.swift; path = PreviewModelContainer.swift; sourceTree = "<group>"; };
		BA33AF092C7E665B00EE6700 /* IsPersistentStoreEmpty.swift */ = {isa = PBXFileReference; lastKnownFileType = sourcecode.swift; path = IsPersistentStoreEmpty.swift; sourceTree = "<group>"; };
		BA33AF0B2C7E6A5400EE6700 /* OnboardingView.swift */ = {isa = PBXFileReference; lastKnownFileType = sourcecode.swift; path = OnboardingView.swift; sourceTree = "<group>"; };
		BA33AF0D2C8050DB00EE6700 /* SettingsNavigationStack.swift */ = {isa = PBXFileReference; lastKnownFileType = sourcecode.swift; path = SettingsNavigationStack.swift; sourceTree = "<group>"; };
		BA33AF0F2C8052BB00EE6700 /* SettingsLoadingIndicator.swift */ = {isa = PBXFileReference; lastKnownFileType = sourcecode.swift; path = SettingsLoadingIndicator.swift; sourceTree = "<group>"; };
		BA33AF112C837AA400EE6700 /* NamePreviewCard.swift */ = {isa = PBXFileReference; lastKnownFileType = sourcecode.swift; path = NamePreviewCard.swift; sourceTree = "<group>"; };
		BA33AF132C876AE900EE6700 /* LastNameSetting.swift */ = {isa = PBXFileReference; lastKnownFileType = sourcecode.swift; path = LastNameSetting.swift; sourceTree = "<group>"; };
		BA33AF152C87912700EE6700 /* README.md */ = {isa = PBXFileReference; lastKnownFileType = net.daringfireball.markdown; path = README.md; sourceTree = "<group>"; };
		BA5CE4362C97650D001DB912 /* NameSharingService.swift */ = {isa = PBXFileReference; lastKnownFileType = sourcecode.swift; path = NameSharingService.swift; sourceTree = "<group>"; };
		BA5EED302C69B5A400267AD1 /* NamesView.swift */ = {isa = PBXFileReference; lastKnownFileType = sourcecode.swift; path = NamesView.swift; sourceTree = "<group>"; };
		BA5EED332C6B0C4C00267AD1 /* SettingsView.swift */ = {isa = PBXFileReference; lastKnownFileType = sourcecode.swift; path = SettingsView.swift; sourceTree = "<group>"; };
		BA60B04A2C8AB1D100FD58F2 /* PresentationLayout.swift */ = {isa = PBXFileReference; lastKnownFileType = sourcecode.swift; path = PresentationLayout.swift; sourceTree = "<group>"; };
		BA719A172C6C542800A552FA /* NamePersistenceControllerTests.swift */ = {isa = PBXFileReference; lastKnownFileType = sourcecode.swift; path = NamePersistenceControllerTests.swift; sourceTree = "<group>"; };
		BA9BAFE62C5ED484008D88A2 /* FavoriteNamesView.swift */ = {isa = PBXFileReference; lastKnownFileType = sourcecode.swift; path = FavoriteNamesView.swift; sourceTree = "<group>"; };
		BA9BF0B72C60A2CC0056334E /* Extensions.swift */ = {isa = PBXFileReference; lastKnownFileType = sourcecode.swift; path = Extensions.swift; sourceTree = "<group>"; };
		BAC0B49F2C705F1F008B3141 /* SendEmailButton.swift */ = {isa = PBXFileReference; lastKnownFileType = sourcecode.swift; path = SendEmailButton.swift; sourceTree = "<group>"; };
		BACC302C2C48A976003CEC7C /* Baby Affinity.app */ = {isa = PBXFileReference; explicitFileType = wrapper.application; includeInIndex = 0; path = "Baby Affinity.app"; sourceTree = BUILT_PRODUCTS_DIR; };
		BACC302F2C48A977003CEC7C /* Baby_AffinityApp.swift */ = {isa = PBXFileReference; lastKnownFileType = sourcecode.swift; path = Baby_AffinityApp.swift; sourceTree = "<group>"; };
		BACC30312C48A977003CEC7C /* ContentView.swift */ = {isa = PBXFileReference; lastKnownFileType = sourcecode.swift; path = ContentView.swift; sourceTree = "<group>"; };
		BACC30352C48A978003CEC7C /* Assets.xcassets */ = {isa = PBXFileReference; lastKnownFileType = folder.assetcatalog; path = Assets.xcassets; sourceTree = "<group>"; };
		BACC30382C48A978003CEC7C /* Preview Assets.xcassets */ = {isa = PBXFileReference; lastKnownFileType = folder.assetcatalog; path = "Preview Assets.xcassets"; sourceTree = "<group>"; };
		BACC303E2C48A979003CEC7C /* Baby AffinityTests.xctest */ = {isa = PBXFileReference; explicitFileType = wrapper.cfbundle; includeInIndex = 0; path = "Baby AffinityTests.xctest"; sourceTree = BUILT_PRODUCTS_DIR; };
		BACC30482C48A979003CEC7C /* Baby AffinityUITests.xctest */ = {isa = PBXFileReference; explicitFileType = wrapper.cfbundle; includeInIndex = 0; path = "Baby AffinityUITests.xctest"; sourceTree = BUILT_PRODUCTS_DIR; };
		BACC304C2C48A979003CEC7C /* Baby_AffinityUITests.swift */ = {isa = PBXFileReference; lastKnownFileType = sourcecode.swift; path = Baby_AffinityUITests.swift; sourceTree = "<group>"; };
		BACC304E2C48A979003CEC7C /* Baby_AffinityUITestsLaunchTests.swift */ = {isa = PBXFileReference; lastKnownFileType = sourcecode.swift; path = Baby_AffinityUITestsLaunchTests.swift; sourceTree = "<group>"; };
		BACC305C2C48A9C1003CEC7C /* Name.swift */ = {isa = PBXFileReference; lastKnownFileType = sourcecode.swift; path = Name.swift; sourceTree = "<group>"; };
		BACC305E2C48A9FF003CEC7C /* Sex.swift */ = {isa = PBXFileReference; lastKnownFileType = sourcecode.swift; path = Sex.swift; sourceTree = "<group>"; };
		BACC30622C48C34A003CEC7C /* DefaultBabyNames.swift */ = {isa = PBXFileReference; lastKnownFileType = sourcecode.swift; path = DefaultBabyNames.swift; sourceTree = "<group>"; };
		BACC30652C5C7B7A003CEC7C /* TopNamesView.swift */ = {isa = PBXFileReference; lastKnownFileType = sourcecode.swift; path = TopNamesView.swift; sourceTree = "<group>"; };
		BAD0F6302C87DA9100B41D34 /* Configuration.storekit */ = {isa = PBXFileReference; lastKnownFileType = text; path = Configuration.storekit; sourceTree = "<group>"; };
		BAD0F6312C87DD1800B41D34 /* ProductsView.swift */ = {isa = PBXFileReference; lastKnownFileType = sourcecode.swift; path = ProductsView.swift; sourceTree = "<group>"; };
		BAE858942C6114CB00177BA8 /* HomeView.swift */ = {isa = PBXFileReference; lastKnownFileType = sourcecode.swift; path = HomeView.swift; sourceTree = "<group>"; };
		BAE858972C6136AE00177BA8 /* NamePickerView.swift */ = {isa = PBXFileReference; lastKnownFileType = sourcecode.swift; path = NamePickerView.swift; sourceTree = "<group>"; };
		BAE8589A2C6271C400177BA8 /* AffinityCalculator.swift */ = {isa = PBXFileReference; lastKnownFileType = sourcecode.swift; path = AffinityCalculator.swift; sourceTree = "<group>"; };
		BAE8589F2C6326C000177BA8 /* SexSelectionIconView.swift */ = {isa = PBXFileReference; lastKnownFileType = sourcecode.swift; path = SexSelectionIconView.swift; sourceTree = "<group>"; };
		BAE858A12C6335A400177BA8 /* NameCellView.swift */ = {isa = PBXFileReference; lastKnownFileType = sourcecode.swift; path = NameCellView.swift; sourceTree = "<group>"; };
		BAE858A32C6349B900177BA8 /* LoadingIndicator.swift */ = {isa = PBXFileReference; lastKnownFileType = sourcecode.swift; path = LoadingIndicator.swift; sourceTree = "<group>"; };
		BAEA17AA2C94077E000C2507 /* NamesViewSection.swift */ = {isa = PBXFileReference; lastKnownFileType = sourcecode.swift; path = NamesViewSection.swift; sourceTree = "<group>"; };
		BAEA17AC2C940DD1000C2507 /* ExpandableNamesView.swift */ = {isa = PBXFileReference; lastKnownFileType = sourcecode.swift; path = ExpandableNamesView.swift; sourceTree = "<group>"; };
		BAEA17AE2C941A70000C2507 /* RefreshableNamesView.swift */ = {isa = PBXFileReference; lastKnownFileType = sourcecode.swift; path = RefreshableNamesView.swift; sourceTree = "<group>"; };
		BAEA17B02C9429C1000C2507 /* SharedNamesView.swift */ = {isa = PBXFileReference; lastKnownFileType = sourcecode.swift; path = SharedNamesView.swift; sourceTree = "<group>"; };
		BAEBE3272C6B3E5F00035488 /* NamePersistenceController.swift */ = {isa = PBXFileReference; lastKnownFileType = sourcecode.swift; path = NamePersistenceController.swift; sourceTree = "<group>"; };
		BAEBE3292C6C134B00035488 /* NameTests.swift */ = {isa = PBXFileReference; lastKnownFileType = sourcecode.swift; path = NameTests.swift; sourceTree = "<group>"; };
		BAF3C6702C6EB1C2004F9E46 /* NamePersistenceController_Admin.swift */ = {isa = PBXFileReference; lastKnownFileType = sourcecode.swift; path = NamePersistenceController_Admin.swift; sourceTree = "<group>"; };
		BAF3C6722C6F886A004F9E46 /* ResetDataButton.swift */ = {isa = PBXFileReference; lastKnownFileType = sourcecode.swift; path = ResetDataButton.swift; sourceTree = "<group>"; };
		BAF3C6742C6F941E004F9E46 /* AppCard.swift */ = {isa = PBXFileReference; lastKnownFileType = sourcecode.swift; path = AppCard.swift; sourceTree = "<group>"; };
		BAF3C6762C6F9994004F9E46 /* AboutView.swift */ = {isa = PBXFileReference; lastKnownFileType = sourcecode.swift; path = AboutView.swift; sourceTree = "<group>"; };
		BAF3C6782C6FAC45004F9E46 /* LegalInfoView.swift */ = {isa = PBXFileReference; lastKnownFileType = sourcecode.swift; path = LegalInfoView.swift; sourceTree = "<group>"; };
		BAF3C67B2C6FB3C2004F9E46 /* ContactUsView.swift */ = {isa = PBXFileReference; lastKnownFileType = sourcecode.swift; path = ContactUsView.swift; sourceTree = "<group>"; };
		BAF3C67D2C6FD351004F9E46 /* MailView.swift */ = {isa = PBXFileReference; lastKnownFileType = sourcecode.swift; path = MailView.swift; sourceTree = "<group>"; };
		BAF3C67F2C6FD41B004F9E46 /* EmailRequiredView.swift */ = {isa = PBXFileReference; lastKnownFileType = sourcecode.swift; path = EmailRequiredView.swift; sourceTree = "<group>"; };
/* End PBXFileReference section */

/* Begin PBXFrameworksBuildPhase section */
		BACC30292C48A976003CEC7C /* Frameworks */ = {
			isa = PBXFrameworksBuildPhase;
			buildActionMask = 2147483647;
			files = (
				BA002D622CA85F7100895683 /* Store in Frameworks */,
				BA002D602CA85EF200895683 /* SystemLogger in Frameworks */,
			);
			runOnlyForDeploymentPostprocessing = 0;
		};
		BACC303B2C48A979003CEC7C /* Frameworks */ = {
			isa = PBXFrameworksBuildPhase;
			buildActionMask = 2147483647;
			files = (
			);
			runOnlyForDeploymentPostprocessing = 0;
		};
		BACC30452C48A979003CEC7C /* Frameworks */ = {
			isa = PBXFrameworksBuildPhase;
			buildActionMask = 2147483647;
			files = (
			);
			runOnlyForDeploymentPostprocessing = 0;
		};
/* End PBXFrameworksBuildPhase section */

/* Begin PBXGroup section */
		BA27E09B2C8E192700241118 /* Shared Lists */ = {
			isa = PBXGroup;
			children = (
				BA27E0A02C8E47B300241118 /* Components */,
				BA27E09C2C8E1A2D00241118 /* NameSharingView.swift */,
				BAEA17B02C9429C1000C2507 /* SharedNamesView.swift */,
			);
			path = "Shared Lists";
			sourceTree = "<group>";
		};
		BA27E0A02C8E47B300241118 /* Components */ = {
			isa = PBXGroup;
			children = (
				BA27E09E2C8E468000241118 /* RadiatingSemiCircles.swift */,
			);
			path = Components;
			sourceTree = "<group>";
		};
		BA27E0A32C90CEAE00241118 /* Components */ = {
			isa = PBXGroup;
			children = (
				BA27E0A42C90CEC600241118 /* InstructionsView.swift */,
			);
			path = Components;
			sourceTree = "<group>";
		};
		BA3120582CA8C667008CDBA3 /* Mail View */ = {
			isa = PBXGroup;
			children = (
				BAF3C67D2C6FD351004F9E46 /* MailView.swift */,
				BAF3C67F2C6FD41B004F9E46 /* EmailRequiredView.swift */,
				BAC0B49F2C705F1F008B3141 /* SendEmailButton.swift */,
			);
			path = "Mail View";
			sourceTree = "<group>";
		};
		BA5EED322C6B0C3900267AD1 /* Settings */ = {
			isa = PBXGroup;
			children = (
				BAF3C67A2C6FB357004F9E46 /* Components */,
				BA5EED332C6B0C4C00267AD1 /* SettingsView.swift */,
				BAF3C6762C6F9994004F9E46 /* AboutView.swift */,
				BAF3C67B2C6FB3C2004F9E46 /* ContactUsView.swift */,
				BAD0F6312C87DD1800B41D34 /* ProductsView.swift */,
			);
			path = Settings;
			sourceTree = "<group>";
		};
		BA9BF0B62C60A2BB0056334E /* Extensions */ = {
			isa = PBXGroup;
			children = (
				BA9BF0B72C60A2CC0056334E /* Extensions.swift */,
			);
			path = Extensions;
			sourceTree = "<group>";
		};
		BACC30232C48A976003CEC7C = {
			isa = PBXGroup;
			children = (
				BA33AF152C87912700EE6700 /* README.md */,
				BACC302E2C48A977003CEC7C /* Baby Affinity */,
				BACC30412C48A979003CEC7C /* Baby AffinityTests */,
				BACC304B2C48A979003CEC7C /* Baby AffinityUITests */,
				BACC302D2C48A976003CEC7C /* Products */,
			);
			sourceTree = "<group>";
		};
		BACC302D2C48A976003CEC7C /* Products */ = {
			isa = PBXGroup;
			children = (
				BACC302C2C48A976003CEC7C /* Baby Affinity.app */,
				BACC303E2C48A979003CEC7C /* Baby AffinityTests.xctest */,
				BACC30482C48A979003CEC7C /* Baby AffinityUITests.xctest */,
			);
			name = Products;
			sourceTree = "<group>";
		};
		BACC302E2C48A977003CEC7C /* Baby Affinity */ = {
			isa = PBXGroup;
			children = (
				BA27E0A62C9204BD00241118 /* Baby-Affinity-Info.plist */,
				BA9BF0B62C60A2BB0056334E /* Extensions */,
				BAE858992C6271A100177BA8 /* Services */,
				BACC305B2C48A99C003CEC7C /* Model */,
				BACC30602C48C1E8003CEC7C /* View */,
				BACC302F2C48A977003CEC7C /* Baby_AffinityApp.swift */,
				BACC30352C48A978003CEC7C /* Assets.xcassets */,
				BACC30372C48A978003CEC7C /* Preview Content */,
			);
			path = "Baby Affinity";
			sourceTree = "<group>";
		};
		BACC30372C48A978003CEC7C /* Preview Content */ = {
			isa = PBXGroup;
			children = (
				BACC30382C48A978003CEC7C /* Preview Assets.xcassets */,
			);
			path = "Preview Content";
			sourceTree = "<group>";
		};
		BACC30412C48A979003CEC7C /* Baby AffinityTests */ = {
			isa = PBXGroup;
			children = (
				BAEBE3292C6C134B00035488 /* NameTests.swift */,
				BA719A172C6C542800A552FA /* NamePersistenceControllerTests.swift */,
				BA27E0A12C8FA88600241118 /* AffinityCalculatorTests.swift */,
			);
			path = "Baby AffinityTests";
			sourceTree = "<group>";
		};
		BACC304B2C48A979003CEC7C /* Baby AffinityUITests */ = {
			isa = PBXGroup;
			children = (
				BACC304C2C48A979003CEC7C /* Baby_AffinityUITests.swift */,
				BACC304E2C48A979003CEC7C /* Baby_AffinityUITestsLaunchTests.swift */,
			);
			path = "Baby AffinityUITests";
			sourceTree = "<group>";
		};
		BACC305B2C48A99C003CEC7C /* Model */ = {
			isa = PBXGroup;
			children = (
				BAF3C66F2C6EB1A1004F9E46 /* PersistenceControllers */,
				BACC30612C48C333003CEC7C /* Default Names */,
				BACC305C2C48A9C1003CEC7C /* Name.swift */,
				BACC305E2C48A9FF003CEC7C /* Sex.swift */,
				BA33AF092C7E665B00EE6700 /* IsPersistentStoreEmpty.swift */,
			);
			path = Model;
			sourceTree = "<group>";
		};
		BACC30602C48C1E8003CEC7C /* View */ = {
			isa = PBXGroup;
			children = (
				BA27E09B2C8E192700241118 /* Shared Lists */,
				BAE8589E2C6326AD00177BA8 /* Components */,
				BACC30642C5C7B67003CEC7C /* Home */,
				BAE858962C61369A00177BA8 /* NamePicker */,
				BA5EED322C6B0C3900267AD1 /* Settings */,
				BACC30312C48A977003CEC7C /* ContentView.swift */,
			);
			path = View;
			sourceTree = "<group>";
		};
		BACC30612C48C333003CEC7C /* Default Names */ = {
			isa = PBXGroup;
			children = (
				BACC30622C48C34A003CEC7C /* DefaultBabyNames.swift */,
			);
			path = "Default Names";
			sourceTree = "<group>";
		};
		BACC30642C5C7B67003CEC7C /* Home */ = {
			isa = PBXGroup;
			children = (
				BAE858942C6114CB00177BA8 /* HomeView.swift */,
				BACC30652C5C7B7A003CEC7C /* TopNamesView.swift */,
				BA9BAFE62C5ED484008D88A2 /* FavoriteNamesView.swift */,
				BA5EED302C69B5A400267AD1 /* NamesView.swift */,
				BA33AF112C837AA400EE6700 /* NamePreviewCard.swift */,
			);
			path = Home;
			sourceTree = "<group>";
		};
		BAE858962C61369A00177BA8 /* NamePicker */ = {
			isa = PBXGroup;
			children = (
				BA27E0A32C90CEAE00241118 /* Components */,
				BAE858972C6136AE00177BA8 /* NamePickerView.swift */,
			);
			path = NamePicker;
			sourceTree = "<group>";
		};
		BAE858992C6271A100177BA8 /* Services */ = {
			isa = PBXGroup;
			children = (
				BAE8589A2C6271C400177BA8 /* AffinityCalculator.swift */,
				BA5CE4362C97650D001DB912 /* NameSharingService.swift */,
				BAD0F6302C87DA9100B41D34 /* Configuration.storekit */,
				BA3120542CA86793008CDBA3 /* ProductID.swift */,
				BA3120562CA868C2008CDBA3 /* PreviewModelContainer.swift */,
			);
			path = Services;
			sourceTree = "<group>";
		};
		BAE8589E2C6326AD00177BA8 /* Components */ = {
			isa = PBXGroup;
			children = (
				BAE8589F2C6326C000177BA8 /* SexSelectionIconView.swift */,
				BAE858A12C6335A400177BA8 /* NameCellView.swift */,
				BAE858A32C6349B900177BA8 /* LoadingIndicator.swift */,
				BAEA17AA2C94077E000C2507 /* NamesViewSection.swift */,
				BAEA17AC2C940DD1000C2507 /* ExpandableNamesView.swift */,
				BAEA17AE2C941A70000C2507 /* RefreshableNamesView.swift */,
			);
			path = Components;
			sourceTree = "<group>";
		};
		BAF3C66F2C6EB1A1004F9E46 /* PersistenceControllers */ = {
			isa = PBXGroup;
			children = (
				BAEBE3272C6B3E5F00035488 /* NamePersistenceController.swift */,
				BAF3C6702C6EB1C2004F9E46 /* NamePersistenceController_Admin.swift */,
			);
			path = PersistenceControllers;
			sourceTree = "<group>";
		};
		BAF3C67A2C6FB357004F9E46 /* Components */ = {
			isa = PBXGroup;
			children = (
				BA3120582CA8C667008CDBA3 /* Mail View */,
				BA07475A2C7026AA002C8425 /* SectionView.swift */,
				BAF3C6782C6FAC45004F9E46 /* LegalInfoView.swift */,
				BAF3C6742C6F941E004F9E46 /* AppCard.swift */,
				BAF3C6722C6F886A004F9E46 /* ResetDataButton.swift */,
				BA33AF0B2C7E6A5400EE6700 /* OnboardingView.swift */,
				BA33AF0D2C8050DB00EE6700 /* SettingsNavigationStack.swift */,
				BA33AF0F2C8052BB00EE6700 /* SettingsLoadingIndicator.swift */,
				BA33AF132C876AE900EE6700 /* LastNameSetting.swift */,
				BA60B04A2C8AB1D100FD58F2 /* PresentationLayout.swift */,
			);
			path = Components;
			sourceTree = "<group>";
		};
/* End PBXGroup section */

/* Begin PBXNativeTarget section */
		BACC302B2C48A976003CEC7C /* Baby Affinity */ = {
			isa = PBXNativeTarget;
			buildConfigurationList = BACC30522C48A979003CEC7C /* Build configuration list for PBXNativeTarget "Baby Affinity" */;
			buildPhases = (
				BACC30282C48A976003CEC7C /* Sources */,
				BACC30292C48A976003CEC7C /* Frameworks */,
				BACC302A2C48A976003CEC7C /* Resources */,
			);
			buildRules = (
			);
			dependencies = (
			);
			name = "Baby Affinity";
			productName = "Baby Affinity";
			productReference = BACC302C2C48A976003CEC7C /* Baby Affinity.app */;
			productType = "com.apple.product-type.application";
		};
		BACC303D2C48A979003CEC7C /* Baby AffinityTests */ = {
			isa = PBXNativeTarget;
			buildConfigurationList = BACC30552C48A979003CEC7C /* Build configuration list for PBXNativeTarget "Baby AffinityTests" */;
			buildPhases = (
				BACC303A2C48A979003CEC7C /* Sources */,
				BACC303B2C48A979003CEC7C /* Frameworks */,
				BACC303C2C48A979003CEC7C /* Resources */,
			);
			buildRules = (
			);
			dependencies = (
				BACC30402C48A979003CEC7C /* PBXTargetDependency */,
			);
			name = "Baby AffinityTests";
			productName = "Baby AffinityTests";
			productReference = BACC303E2C48A979003CEC7C /* Baby AffinityTests.xctest */;
			productType = "com.apple.product-type.bundle.unit-test";
		};
		BACC30472C48A979003CEC7C /* Baby AffinityUITests */ = {
			isa = PBXNativeTarget;
			buildConfigurationList = BACC30582C48A979003CEC7C /* Build configuration list for PBXNativeTarget "Baby AffinityUITests" */;
			buildPhases = (
				BACC30442C48A979003CEC7C /* Sources */,
				BACC30452C48A979003CEC7C /* Frameworks */,
				BACC30462C48A979003CEC7C /* Resources */,
			);
			buildRules = (
			);
			dependencies = (
				BACC304A2C48A979003CEC7C /* PBXTargetDependency */,
			);
			name = "Baby AffinityUITests";
			productName = "Baby AffinityUITests";
			productReference = BACC30482C48A979003CEC7C /* Baby AffinityUITests.xctest */;
			productType = "com.apple.product-type.bundle.ui-testing";
		};
/* End PBXNativeTarget section */

/* Begin PBXProject section */
		BACC30242C48A976003CEC7C /* Project object */ = {
			isa = PBXProject;
			attributes = {
				BuildIndependentTargetsInParallel = 1;
				LastSwiftUpdateCheck = 1500;
				LastUpgradeCheck = 1600;
				TargetAttributes = {
					BACC302B2C48A976003CEC7C = {
						CreatedOnToolsVersion = 15.0.1;
					};
					BACC303D2C48A979003CEC7C = {
						CreatedOnToolsVersion = 15.0.1;
						TestTargetID = BACC302B2C48A976003CEC7C;
					};
					BACC30472C48A979003CEC7C = {
						CreatedOnToolsVersion = 15.0.1;
						TestTargetID = BACC302B2C48A976003CEC7C;
					};
				};
			};
			buildConfigurationList = BACC30272C48A976003CEC7C /* Build configuration list for PBXProject "Baby Affinity" */;
			compatibilityVersion = "Xcode 14.0";
			developmentRegion = en;
			hasScannedForEncodings = 0;
			knownRegions = (
				en,
				Base,
			);
			mainGroup = BACC30232C48A976003CEC7C;
			packageReferences = (
				BA002D5D2CA6422100895683 /* XCRemoteSwiftPackageReference "SystemLogger" */,
				BA002D5E2CA6422900895683 /* XCRemoteSwiftPackageReference "Store" */,
			);
			productRefGroup = BACC302D2C48A976003CEC7C /* Products */;
			projectDirPath = "";
			projectRoot = "";
			targets = (
				BACC302B2C48A976003CEC7C /* Baby Affinity */,
				BACC303D2C48A979003CEC7C /* Baby AffinityTests */,
				BACC30472C48A979003CEC7C /* Baby AffinityUITests */,
			);
		};
/* End PBXProject section */

/* Begin PBXResourcesBuildPhase section */
		BACC302A2C48A976003CEC7C /* Resources */ = {
			isa = PBXResourcesBuildPhase;
			buildActionMask = 2147483647;
			files = (
				BACC30392C48A978003CEC7C /* Preview Assets.xcassets in Resources */,
				BACC30362C48A978003CEC7C /* Assets.xcassets in Resources */,
			);
			runOnlyForDeploymentPostprocessing = 0;
		};
		BACC303C2C48A979003CEC7C /* Resources */ = {
			isa = PBXResourcesBuildPhase;
			buildActionMask = 2147483647;
			files = (
			);
			runOnlyForDeploymentPostprocessing = 0;
		};
		BACC30462C48A979003CEC7C /* Resources */ = {
			isa = PBXResourcesBuildPhase;
			buildActionMask = 2147483647;
			files = (
			);
			runOnlyForDeploymentPostprocessing = 0;
		};
/* End PBXResourcesBuildPhase section */

/* Begin PBXSourcesBuildPhase section */
		BACC30282C48A976003CEC7C /* Sources */ = {
			isa = PBXSourcesBuildPhase;
			buildActionMask = 2147483647;
			files = (
				BA33AF0A2C7E665B00EE6700 /* IsPersistentStoreEmpty.swift in Sources */,
				BA27E0A52C90CEC600241118 /* InstructionsView.swift in Sources */,
				BA60B04B2C8AB1D100FD58F2 /* PresentationLayout.swift in Sources */,
				BAE858952C6114CB00177BA8 /* HomeView.swift in Sources */,
				BA33AF142C876AE900EE6700 /* LastNameSetting.swift in Sources */,
				BAEA17AB2C94077E000C2507 /* NamesViewSection.swift in Sources */,
				BAF3C6792C6FAC45004F9E46 /* LegalInfoView.swift in Sources */,
				BAE858982C6136AE00177BA8 /* NamePickerView.swift in Sources */,
				BA5CE4372C97650D001DB912 /* NameSharingService.swift in Sources */,
				BA9BAFE72C5ED484008D88A2 /* FavoriteNamesView.swift in Sources */,
				BAE858A22C6335A400177BA8 /* NameCellView.swift in Sources */,
				BACC30632C48C34A003CEC7C /* DefaultBabyNames.swift in Sources */,
				BAF3C6732C6F886A004F9E46 /* ResetDataButton.swift in Sources */,
				BA5EED342C6B0C4C00267AD1 /* SettingsView.swift in Sources */,
				BAF3C6802C6FD41B004F9E46 /* EmailRequiredView.swift in Sources */,
				BAE8589B2C6271C400177BA8 /* AffinityCalculator.swift in Sources */,
				BAF3C6752C6F941E004F9E46 /* AppCard.swift in Sources */,
				BAEA17AD2C940DD1000C2507 /* ExpandableNamesView.swift in Sources */,
				BA33AF102C8052BB00EE6700 /* SettingsLoadingIndicator.swift in Sources */,
				BAF3C67E2C6FD351004F9E46 /* MailView.swift in Sources */,
				BA3120552CA86793008CDBA3 /* ProductID.swift in Sources */,
				BAF3C67C2C6FB3C2004F9E46 /* ContactUsView.swift in Sources */,
				BA33AF0E2C8050DB00EE6700 /* SettingsNavigationStack.swift in Sources */,
				BAEA17AF2C941A70000C2507 /* RefreshableNamesView.swift in Sources */,
				BACC30662C5C7B7B003CEC7C /* TopNamesView.swift in Sources */,
				BA9BF0B82C60A2CC0056334E /* Extensions.swift in Sources */,
				BAEA17B12C9429C1000C2507 /* SharedNamesView.swift in Sources */,
				BA33AF122C837AA400EE6700 /* NamePreviewCard.swift in Sources */,
				BAE858A02C6326C000177BA8 /* SexSelectionIconView.swift in Sources */,
				BAF3C6772C6F9994004F9E46 /* AboutView.swift in Sources */,
				BA5EED312C69B5A400267AD1 /* NamesView.swift in Sources */,
				BA33AF0C2C7E6A5400EE6700 /* OnboardingView.swift in Sources */,
				BA27E09F2C8E468000241118 /* RadiatingSemiCircles.swift in Sources */,
				BACC30322C48A977003CEC7C /* ContentView.swift in Sources */,
				BACC305F2C48A9FF003CEC7C /* Sex.swift in Sources */,
				BACC305D2C48A9C1003CEC7C /* Name.swift in Sources */,
				BAEBE3282C6B3E5F00035488 /* NamePersistenceController.swift in Sources */,
				BAC0B4A02C705F1F008B3141 /* SendEmailButton.swift in Sources */,
				BAE858A42C6349B900177BA8 /* LoadingIndicator.swift in Sources */,
				BA07475B2C7026AA002C8425 /* SectionView.swift in Sources */,
				BA27E09D2C8E1A2D00241118 /* NameSharingView.swift in Sources */,
				BA3120572CA868C2008CDBA3 /* PreviewModelContainer.swift in Sources */,
				BACC30302C48A977003CEC7C /* Baby_AffinityApp.swift in Sources */,
				BAD0F6322C87DD1800B41D34 /* ProductsView.swift in Sources */,
				BAF3C6712C6EB1C2004F9E46 /* NamePersistenceController_Admin.swift in Sources */,
			);
			runOnlyForDeploymentPostprocessing = 0;
		};
		BACC303A2C48A979003CEC7C /* Sources */ = {
			isa = PBXSourcesBuildPhase;
			buildActionMask = 2147483647;
			files = (
				BAEBE32A2C6C134B00035488 /* NameTests.swift in Sources */,
				BA27E0A22C8FA88600241118 /* AffinityCalculatorTests.swift in Sources */,
				BA719A182C6C542800A552FA /* NamePersistenceControllerTests.swift in Sources */,
			);
			runOnlyForDeploymentPostprocessing = 0;
		};
		BACC30442C48A979003CEC7C /* Sources */ = {
			isa = PBXSourcesBuildPhase;
			buildActionMask = 2147483647;
			files = (
				BACC304F2C48A979003CEC7C /* Baby_AffinityUITestsLaunchTests.swift in Sources */,
				BACC304D2C48A979003CEC7C /* Baby_AffinityUITests.swift in Sources */,
			);
			runOnlyForDeploymentPostprocessing = 0;
		};
/* End PBXSourcesBuildPhase section */

/* Begin PBXTargetDependency section */
		BACC30402C48A979003CEC7C /* PBXTargetDependency */ = {
			isa = PBXTargetDependency;
			target = BACC302B2C48A976003CEC7C /* Baby Affinity */;
			targetProxy = BACC303F2C48A979003CEC7C /* PBXContainerItemProxy */;
		};
		BACC304A2C48A979003CEC7C /* PBXTargetDependency */ = {
			isa = PBXTargetDependency;
			target = BACC302B2C48A976003CEC7C /* Baby Affinity */;
			targetProxy = BACC30492C48A979003CEC7C /* PBXContainerItemProxy */;
		};
/* End PBXTargetDependency section */

/* Begin XCBuildConfiguration section */
		BACC30502C48A979003CEC7C /* Debug */ = {
			isa = XCBuildConfiguration;
			buildSettings = {
				ALWAYS_SEARCH_USER_PATHS = NO;
				ASSETCATALOG_COMPILER_GENERATE_SWIFT_ASSET_SYMBOL_EXTENSIONS = YES;
				CLANG_ANALYZER_NONNULL = YES;
				CLANG_ANALYZER_NUMBER_OBJECT_CONVERSION = YES_AGGRESSIVE;
				CLANG_CXX_LANGUAGE_STANDARD = "gnu++20";
				CLANG_ENABLE_MODULES = YES;
				CLANG_ENABLE_OBJC_ARC = YES;
				CLANG_ENABLE_OBJC_WEAK = YES;
				CLANG_WARN_BLOCK_CAPTURE_AUTORELEASING = YES;
				CLANG_WARN_BOOL_CONVERSION = YES;
				CLANG_WARN_COMMA = YES;
				CLANG_WARN_CONSTANT_CONVERSION = YES;
				CLANG_WARN_DEPRECATED_OBJC_IMPLEMENTATIONS = YES;
				CLANG_WARN_DIRECT_OBJC_ISA_USAGE = YES_ERROR;
				CLANG_WARN_DOCUMENTATION_COMMENTS = YES;
				CLANG_WARN_EMPTY_BODY = YES;
				CLANG_WARN_ENUM_CONVERSION = YES;
				CLANG_WARN_INFINITE_RECURSION = YES;
				CLANG_WARN_INT_CONVERSION = YES;
				CLANG_WARN_NON_LITERAL_NULL_CONVERSION = YES;
				CLANG_WARN_OBJC_IMPLICIT_RETAIN_SELF = YES;
				CLANG_WARN_OBJC_LITERAL_CONVERSION = YES;
				CLANG_WARN_OBJC_ROOT_CLASS = YES_ERROR;
				CLANG_WARN_QUOTED_INCLUDE_IN_FRAMEWORK_HEADER = YES;
				CLANG_WARN_RANGE_LOOP_ANALYSIS = YES;
				CLANG_WARN_STRICT_PROTOTYPES = YES;
				CLANG_WARN_SUSPICIOUS_MOVE = YES;
				CLANG_WARN_UNGUARDED_AVAILABILITY = YES_AGGRESSIVE;
				CLANG_WARN_UNREACHABLE_CODE = YES;
				CLANG_WARN__DUPLICATE_METHOD_MATCH = YES;
				COPY_PHASE_STRIP = NO;
				DEBUG_INFORMATION_FORMAT = dwarf;
				ENABLE_STRICT_OBJC_MSGSEND = YES;
				ENABLE_TESTABILITY = YES;
				ENABLE_USER_SCRIPT_SANDBOXING = YES;
				GCC_C_LANGUAGE_STANDARD = gnu17;
				GCC_DYNAMIC_NO_PIC = NO;
				GCC_NO_COMMON_BLOCKS = YES;
				GCC_OPTIMIZATION_LEVEL = 0;
				GCC_PREPROCESSOR_DEFINITIONS = (
					"DEBUG=1",
					"$(inherited)",
				);
				GCC_WARN_64_TO_32_BIT_CONVERSION = YES;
				GCC_WARN_ABOUT_RETURN_TYPE = YES_ERROR;
				GCC_WARN_UNDECLARED_SELECTOR = YES;
				GCC_WARN_UNINITIALIZED_AUTOS = YES_AGGRESSIVE;
				GCC_WARN_UNUSED_FUNCTION = YES;
				GCC_WARN_UNUSED_VARIABLE = YES;
				IPHONEOS_DEPLOYMENT_TARGET = 17.0;
				LOCALIZATION_PREFERS_STRING_CATALOGS = YES;
				MTL_ENABLE_DEBUG_INFO = INCLUDE_SOURCE;
				MTL_FAST_MATH = YES;
				ONLY_ACTIVE_ARCH = YES;
				SDKROOT = iphoneos;
				SWIFT_ACTIVE_COMPILATION_CONDITIONS = "DEBUG $(inherited)";
				SWIFT_OPTIMIZATION_LEVEL = "-Onone";
			};
			name = Debug;
		};
		BACC30512C48A979003CEC7C /* Release */ = {
			isa = XCBuildConfiguration;
			buildSettings = {
				ALWAYS_SEARCH_USER_PATHS = NO;
				ASSETCATALOG_COMPILER_GENERATE_SWIFT_ASSET_SYMBOL_EXTENSIONS = YES;
				CLANG_ANALYZER_NONNULL = YES;
				CLANG_ANALYZER_NUMBER_OBJECT_CONVERSION = YES_AGGRESSIVE;
				CLANG_CXX_LANGUAGE_STANDARD = "gnu++20";
				CLANG_ENABLE_MODULES = YES;
				CLANG_ENABLE_OBJC_ARC = YES;
				CLANG_ENABLE_OBJC_WEAK = YES;
				CLANG_WARN_BLOCK_CAPTURE_AUTORELEASING = YES;
				CLANG_WARN_BOOL_CONVERSION = YES;
				CLANG_WARN_COMMA = YES;
				CLANG_WARN_CONSTANT_CONVERSION = YES;
				CLANG_WARN_DEPRECATED_OBJC_IMPLEMENTATIONS = YES;
				CLANG_WARN_DIRECT_OBJC_ISA_USAGE = YES_ERROR;
				CLANG_WARN_DOCUMENTATION_COMMENTS = YES;
				CLANG_WARN_EMPTY_BODY = YES;
				CLANG_WARN_ENUM_CONVERSION = YES;
				CLANG_WARN_INFINITE_RECURSION = YES;
				CLANG_WARN_INT_CONVERSION = YES;
				CLANG_WARN_NON_LITERAL_NULL_CONVERSION = YES;
				CLANG_WARN_OBJC_IMPLICIT_RETAIN_SELF = YES;
				CLANG_WARN_OBJC_LITERAL_CONVERSION = YES;
				CLANG_WARN_OBJC_ROOT_CLASS = YES_ERROR;
				CLANG_WARN_QUOTED_INCLUDE_IN_FRAMEWORK_HEADER = YES;
				CLANG_WARN_RANGE_LOOP_ANALYSIS = YES;
				CLANG_WARN_STRICT_PROTOTYPES = YES;
				CLANG_WARN_SUSPICIOUS_MOVE = YES;
				CLANG_WARN_UNGUARDED_AVAILABILITY = YES_AGGRESSIVE;
				CLANG_WARN_UNREACHABLE_CODE = YES;
				CLANG_WARN__DUPLICATE_METHOD_MATCH = YES;
				COPY_PHASE_STRIP = NO;
				DEBUG_INFORMATION_FORMAT = "dwarf-with-dsym";
				ENABLE_NS_ASSERTIONS = NO;
				ENABLE_STRICT_OBJC_MSGSEND = YES;
				ENABLE_USER_SCRIPT_SANDBOXING = YES;
				GCC_C_LANGUAGE_STANDARD = gnu17;
				GCC_NO_COMMON_BLOCKS = YES;
				GCC_WARN_64_TO_32_BIT_CONVERSION = YES;
				GCC_WARN_ABOUT_RETURN_TYPE = YES_ERROR;
				GCC_WARN_UNDECLARED_SELECTOR = YES;
				GCC_WARN_UNINITIALIZED_AUTOS = YES_AGGRESSIVE;
				GCC_WARN_UNUSED_FUNCTION = YES;
				GCC_WARN_UNUSED_VARIABLE = YES;
				IPHONEOS_DEPLOYMENT_TARGET = 17.0;
				LOCALIZATION_PREFERS_STRING_CATALOGS = YES;
				MTL_ENABLE_DEBUG_INFO = NO;
				MTL_FAST_MATH = YES;
				SDKROOT = iphoneos;
				SWIFT_COMPILATION_MODE = wholemodule;
				VALIDATE_PRODUCT = YES;
			};
			name = Release;
		};
		BACC30532C48A979003CEC7C /* Debug */ = {
			isa = XCBuildConfiguration;
			buildSettings = {
				ASSETCATALOG_COMPILER_APPICON_NAME = AppIcon;
				ASSETCATALOG_COMPILER_GLOBAL_ACCENT_COLOR_NAME = AccentColor;
				CODE_SIGN_STYLE = Automatic;
				CURRENT_PROJECT_VERSION = 1;
				DEVELOPMENT_ASSET_PATHS = "\"Baby Affinity/Preview Content\"";
				DEVELOPMENT_TEAM = 56NNYWF83R;
				ENABLE_PREVIEWS = YES;
				GENERATE_INFOPLIST_FILE = YES;
				INFOPLIST_FILE = "Baby-Affinity-Info.plist";
				INFOPLIST_KEY_LSApplicationCategoryType = "public.app-category.lifestyle";
				INFOPLIST_KEY_NSLocalNetworkUsageDescription = "This app needs access to the local network to share baby names with nearby devices.";
				INFOPLIST_KEY_UIApplicationSceneManifest_Generation = YES;
				INFOPLIST_KEY_UIApplicationSupportsIndirectInputEvents = YES;
				INFOPLIST_KEY_UILaunchScreen_Generation = YES;
				INFOPLIST_KEY_UISupportedInterfaceOrientations = UIInterfaceOrientationPortrait;
				INFOPLIST_KEY_UISupportedInterfaceOrientations_iPad = "UIInterfaceOrientationLandscapeLeft UIInterfaceOrientationLandscapeRight UIInterfaceOrientationPortrait UIInterfaceOrientationPortraitUpsideDown";
				IPHONEOS_DEPLOYMENT_TARGET = 17.0;
				LD_RUNPATH_SEARCH_PATHS = (
					"$(inherited)",
					"@executable_path/Frameworks",
				);
				MARKETING_VERSION = 2.0.1;
				PRODUCT_BUNDLE_IDENTIFIER = com.michaelCenters.BabyAffinity;
				PRODUCT_NAME = "$(TARGET_NAME)";
				SWIFT_EMIT_LOC_STRINGS = YES;
				SWIFT_VERSION = 5.0;
				TARGETED_DEVICE_FAMILY = "1,2";
			};
			name = Debug;
		};
		BACC30542C48A979003CEC7C /* Release */ = {
			isa = XCBuildConfiguration;
			buildSettings = {
				ASSETCATALOG_COMPILER_APPICON_NAME = AppIcon;
				ASSETCATALOG_COMPILER_GLOBAL_ACCENT_COLOR_NAME = AccentColor;
				CODE_SIGN_STYLE = Automatic;
				CURRENT_PROJECT_VERSION = 1;
				DEVELOPMENT_ASSET_PATHS = "\"Baby Affinity/Preview Content\"";
				DEVELOPMENT_TEAM = 56NNYWF83R;
				ENABLE_PREVIEWS = YES;
				GENERATE_INFOPLIST_FILE = YES;
				INFOPLIST_FILE = "Baby-Affinity-Info.plist";
				INFOPLIST_KEY_LSApplicationCategoryType = "public.app-category.lifestyle";
				INFOPLIST_KEY_NSLocalNetworkUsageDescription = "This app needs access to the local network to share baby names with nearby devices.";
				INFOPLIST_KEY_UIApplicationSceneManifest_Generation = YES;
				INFOPLIST_KEY_UIApplicationSupportsIndirectInputEvents = YES;
				INFOPLIST_KEY_UILaunchScreen_Generation = YES;
				INFOPLIST_KEY_UISupportedInterfaceOrientations = UIInterfaceOrientationPortrait;
				INFOPLIST_KEY_UISupportedInterfaceOrientations_iPad = "UIInterfaceOrientationLandscapeLeft UIInterfaceOrientationLandscapeRight UIInterfaceOrientationPortrait UIInterfaceOrientationPortraitUpsideDown";
				IPHONEOS_DEPLOYMENT_TARGET = 17.0;
				LD_RUNPATH_SEARCH_PATHS = (
					"$(inherited)",
					"@executable_path/Frameworks",
				);
				MARKETING_VERSION = 2.0.1;
				PRODUCT_BUNDLE_IDENTIFIER = com.michaelCenters.BabyAffinity;
				PRODUCT_NAME = "$(TARGET_NAME)";
				SWIFT_EMIT_LOC_STRINGS = YES;
				SWIFT_VERSION = 5.0;
				TARGETED_DEVICE_FAMILY = "1,2";
			};
			name = Release;
		};
		BACC30562C48A979003CEC7C /* Debug */ = {
			isa = XCBuildConfiguration;
			buildSettings = {
				BUNDLE_LOADER = "$(TEST_HOST)";
				CODE_SIGN_STYLE = Automatic;
				CURRENT_PROJECT_VERSION = 1;
				DEVELOPMENT_TEAM = 56NNYWF83R;
				GENERATE_INFOPLIST_FILE = YES;
				IPHONEOS_DEPLOYMENT_TARGET = 17.0;
				MARKETING_VERSION = 1.0;
				PRODUCT_BUNDLE_IDENTIFIER = "com.MichaelCenters.Baby-AffinityTests";
				PRODUCT_NAME = "$(TARGET_NAME)";
				SWIFT_EMIT_LOC_STRINGS = NO;
				SWIFT_VERSION = 5.0;
				TARGETED_DEVICE_FAMILY = "1,2";
				TEST_HOST = "$(BUILT_PRODUCTS_DIR)/Baby Affinity.app/$(BUNDLE_EXECUTABLE_FOLDER_PATH)/Baby Affinity";
			};
			name = Debug;
		};
		BACC30572C48A979003CEC7C /* Release */ = {
			isa = XCBuildConfiguration;
			buildSettings = {
				BUNDLE_LOADER = "$(TEST_HOST)";
				CODE_SIGN_STYLE = Automatic;
				CURRENT_PROJECT_VERSION = 1;
				DEVELOPMENT_TEAM = 56NNYWF83R;
				GENERATE_INFOPLIST_FILE = YES;
				IPHONEOS_DEPLOYMENT_TARGET = 17.0;
				MARKETING_VERSION = 1.0;
				PRODUCT_BUNDLE_IDENTIFIER = "com.MichaelCenters.Baby-AffinityTests";
				PRODUCT_NAME = "$(TARGET_NAME)";
				SWIFT_EMIT_LOC_STRINGS = NO;
				SWIFT_VERSION = 5.0;
				TARGETED_DEVICE_FAMILY = "1,2";
				TEST_HOST = "$(BUILT_PRODUCTS_DIR)/Baby Affinity.app/$(BUNDLE_EXECUTABLE_FOLDER_PATH)/Baby Affinity";
			};
			name = Release;
		};
		BACC30592C48A979003CEC7C /* Debug */ = {
			isa = XCBuildConfiguration;
			buildSettings = {
				CODE_SIGN_STYLE = Automatic;
				CURRENT_PROJECT_VERSION = 1;
				DEVELOPMENT_TEAM = 56NNYWF83R;
				GENERATE_INFOPLIST_FILE = YES;
				MARKETING_VERSION = 1.0;
				PRODUCT_BUNDLE_IDENTIFIER = "com.MichaelCenters.Baby-AffinityUITests";
				PRODUCT_NAME = "$(TARGET_NAME)";
				SWIFT_EMIT_LOC_STRINGS = NO;
				SWIFT_VERSION = 5.0;
				TARGETED_DEVICE_FAMILY = "1,2";
				TEST_TARGET_NAME = "Baby Affinity";
			};
			name = Debug;
		};
		BACC305A2C48A979003CEC7C /* Release */ = {
			isa = XCBuildConfiguration;
			buildSettings = {
				CODE_SIGN_STYLE = Automatic;
				CURRENT_PROJECT_VERSION = 1;
				DEVELOPMENT_TEAM = 56NNYWF83R;
				GENERATE_INFOPLIST_FILE = YES;
				MARKETING_VERSION = 1.0;
				PRODUCT_BUNDLE_IDENTIFIER = "com.MichaelCenters.Baby-AffinityUITests";
				PRODUCT_NAME = "$(TARGET_NAME)";
				SWIFT_EMIT_LOC_STRINGS = NO;
				SWIFT_VERSION = 5.0;
				TARGETED_DEVICE_FAMILY = "1,2";
				TEST_TARGET_NAME = "Baby Affinity";
			};
			name = Release;
		};
/* End XCBuildConfiguration section */

/* Begin XCConfigurationList section */
		BACC30272C48A976003CEC7C /* Build configuration list for PBXProject "Baby Affinity" */ = {
			isa = XCConfigurationList;
			buildConfigurations = (
				BACC30502C48A979003CEC7C /* Debug */,
				BACC30512C48A979003CEC7C /* Release */,
			);
			defaultConfigurationIsVisible = 0;
			defaultConfigurationName = Release;
		};
		BACC30522C48A979003CEC7C /* Build configuration list for PBXNativeTarget "Baby Affinity" */ = {
			isa = XCConfigurationList;
			buildConfigurations = (
				BACC30532C48A979003CEC7C /* Debug */,
				BACC30542C48A979003CEC7C /* Release */,
			);
			defaultConfigurationIsVisible = 0;
			defaultConfigurationName = Release;
		};
		BACC30552C48A979003CEC7C /* Build configuration list for PBXNativeTarget "Baby AffinityTests" */ = {
			isa = XCConfigurationList;
			buildConfigurations = (
				BACC30562C48A979003CEC7C /* Debug */,
				BACC30572C48A979003CEC7C /* Release */,
			);
			defaultConfigurationIsVisible = 0;
			defaultConfigurationName = Release;
		};
		BACC30582C48A979003CEC7C /* Build configuration list for PBXNativeTarget "Baby AffinityUITests" */ = {
			isa = XCConfigurationList;
			buildConfigurations = (
				BACC30592C48A979003CEC7C /* Debug */,
				BACC305A2C48A979003CEC7C /* Release */,
			);
			defaultConfigurationIsVisible = 0;
			defaultConfigurationName = Release;
		};
/* End XCConfigurationList section */

/* Begin XCRemoteSwiftPackageReference section */
		BA002D5D2CA6422100895683 /* XCRemoteSwiftPackageReference "SystemLogger" */ = {
			isa = XCRemoteSwiftPackageReference;
			repositoryURL = "https://github.com/mikeCenters/SystemLogger";
			requirement = {
				kind = upToNextMajorVersion;
				minimumVersion = 1.0.0;
			};
		};
		BA002D5E2CA6422900895683 /* XCRemoteSwiftPackageReference "Store" */ = {
			isa = XCRemoteSwiftPackageReference;
			repositoryURL = "https://github.com/mikeCenters/Store";
			requirement = {
				kind = upToNextMajorVersion;
				minimumVersion = 1.0.0;
			};
		};
/* End XCRemoteSwiftPackageReference section */

/* Begin XCSwiftPackageProductDependency section */
		BA002D5F2CA85EF200895683 /* SystemLogger */ = {
			isa = XCSwiftPackageProductDependency;
			package = BA002D5D2CA6422100895683 /* XCRemoteSwiftPackageReference "SystemLogger" */;
			productName = SystemLogger;
		};
		BA002D612CA85F7100895683 /* Store */ = {
			isa = XCSwiftPackageProductDependency;
			package = BA002D5E2CA6422900895683 /* XCRemoteSwiftPackageReference "Store" */;
			productName = Store;
		};
/* End XCSwiftPackageProductDependency section */
	};
	rootObject = BACC30242C48A976003CEC7C /* Project object */;
}
