{
  "originHash" : "8988785a41f680a7b01996c39885a06acf69579382d606d027b91aed8f6f313f",
  "pins" : [
    {
      "identity" : "store",
      "kind" : "remoteSourceControl",
      "location" : "https://github.com/mikeCenters/Store",
      "state" : {
        "revision" : "31d9d89d72a83049d8700a72938a4c86aefc8395",
        "version" : "1.0.0"
      }
    },
    {
      "identity" : "systemlogger",
      "kind" : "remoteSourceControl",
      "location" : "https://github.com/mikeCenters/SystemLogger",
      "state" : {
        "revision" : "bd45f4f9b304b6360ce7b07db842fa786a9f4a29",
        "version" : "1.0.0"
      }
    }
  ],
  "version" : 3
}
